
Microsoft Visual Studio Solution File, Format Version 12.00
# Visual Studio Version 17
VisualStudioVersion = 17.12.35410.144 d17.12
MinimumVisualStudioVersion = 10.0.40219.1
Project("{FAE04EC0-301F-11D3-BF4B-00C04F79EFBC}") = "API", "LibraryManagement_BacktEnd_API\API.csproj", "{FA4A32BC-8AF1-4566-B8DF-80D38C9DAF5C}"
EndProject
Project("{FAE04EC0-301F-11D3-BF4B-00C04F79EFBC}") = "Core", "Core\Core.csproj", "{80F8F24A-58E9-4307-9CDF-C4EA6F12EF13}"
EndProject
Project("{FAE04EC0-301F-11D3-BF4B-00C04F79EFBC}") = "Infrastructure", "Infrastructure\Infrastructure.csproj", "{ACD7430F-30F7-4D45-8258-683E5647F524}"
EndProject
Project("{FAE04EC0-301F-11D3-BF4B-00C04F79EFBC}") = "Shared", "Shared\Shared.csproj", "{0B90D629-3067-4ECC-A9EE-9A526B2058A3}"
EndProject
Global
	GlobalSection(SolutionConfigurationPlatforms) = preSolution
		Debug|Any CPU = Debug|Any CPU
		Release|Any CPU = Release|Any CPU
	EndGlobalSection
	GlobalSection(ProjectConfigurationPlatforms) = postSolution
		{FA4A32BC-8AF1-4566-B8DF-80D38C9DAF5C}.Debug|Any CPU.ActiveCfg = Debug|Any CPU
		{FA4A32BC-8AF1-4566-B8DF-80D38C9DAF5C}.Debug|Any CPU.Build.0 = Debug|Any CPU
		{FA4A32BC-8AF1-4566-B8DF-80D38C9DAF5C}.Release|Any CPU.ActiveCfg = Release|Any CPU
		{FA4A32BC-8AF1-4566-B8DF-80D38C9DAF5C}.Release|Any CPU.Build.0 = Release|Any CPU
		{80F8F24A-58E9-4307-9CDF-C4EA6F12EF13}.Debug|Any CPU.ActiveCfg = Debug|Any CPU
		{80F8F24A-58E9-4307-9CDF-C4EA6F12EF13}.Debug|Any CPU.Build.0 = Debug|Any CPU
		{80F8F24A-58E9-4307-9CDF-C4EA6F12EF13}.Release|Any CPU.ActiveCfg = Release|Any CPU
		{80F8F24A-58E9-4307-9CDF-C4EA6F12EF13}.Release|Any CPU.Build.0 = Release|Any CPU
		{ACD7430F-30F7-4D45-8258-683E5647F524}.Debug|Any CPU.ActiveCfg = Debug|Any CPU
		{ACD7430F-30F7-4D45-8258-683E5647F524}.Debug|Any CPU.Build.0 = Debug|Any CPU
		{ACD7430F-30F7-4D45-8258-683E5647F524}.Release|Any CPU.ActiveCfg = Release|Any CPU
		{ACD7430F-30F7-4D45-8258-683E5647F524}.Release|Any CPU.Build.0 = Release|Any CPU
		{0B90D629-3067-4ECC-A9EE-9A526B2058A3}.Debug|Any CPU.ActiveCfg = Debug|Any CPU
		{0B90D629-3067-4ECC-A9EE-9A526B2058A3}.Debug|Any CPU.Build.0 = Debug|Any CPU
		{0B90D629-3067-4ECC-A9EE-9A526B2058A3}.Release|Any CPU.ActiveCfg = Release|Any CPU
		{0B90D629-3067-4ECC-A9EE-9A526B2058A3}.Release|Any CPU.Build.0 = Release|Any CPU
	EndGlobalSection
	GlobalSection(SolutionProperties) = preSolution
		HideSolutionNode = FALSE
	EndGlobalSection
EndGlobal
